// !$*UTF8*$!
{
	archiveVersion = 1;
	classes = {
	};
	objectVersion = 56;
	objects = {

/* Begin PBXBuildFile section */
		A100000001 /* MoAApp.swift in Sources */ = {isa = PBXBuildFile; fileRef = B100000001; };
		A100000002 /* ContentView.swift in Sources */ = {isa = PBXBuildFile; fileRef = B100000002; };
		A100000003 /* ChatView.swift in Sources */ = {isa = PBXBuildFile; fileRef = B100000003; };
		A100000004 /* SettingsView.swift in Sources */ = {isa = PBXBuildFile; fileRef = B100000004; };
		A100000005 /* SetupWizardView.swift in Sources */ = {isa = PBXBuildFile; fileRef = B100000005; };
		A100000006 /* ChatMessage.swift in Sources */ = {isa = PBXBuildFile; fileRef = B100000006; };
		A100000007 /* AgentManager.swift in Sources */ = {isa = PBXBuildFile; fileRef = B100000007; };
		A100000008 /* SettingsStore.swift in Sources */ = {isa = PBXBuildFile; fileRef = B100000008; };
		A100000009 /* ZeroClawBridge.swift in Sources */ = {isa = PBXBuildFile; fileRef = B100000009; };
		A10000000A /* Assets.xcassets in Resources */ = {isa = PBXBuildFile; fileRef = B10000000A; };
/* End PBXBuildFile section */

/* Begin PBXFileReference section */
		B100000001 /* MoAApp.swift */ = {isa = PBXFileReference; lastKnownFileType = sourcecode.swift; path = MoAApp.swift; sourceTree = "<group>"; };
		B100000002 /* ContentView.swift */ = {isa = PBXFileReference; lastKnownFileType = sourcecode.swift; path = ContentView.swift; sourceTree = "<group>"; };
		B100000003 /* ChatView.swift */ = {isa = PBXFileReference; lastKnownFileType = sourcecode.swift; path = ChatView.swift; sourceTree = "<group>"; };
		B100000004 /* SettingsView.swift */ = {isa = PBXFileReference; lastKnownFileType = sourcecode.swift; path = SettingsView.swift; sourceTree = "<group>"; };
		B100000005 /* SetupWizardView.swift */ = {isa = PBXFileReference; lastKnownFileType = sourcecode.swift; path = SetupWizardView.swift; sourceTree = "<group>"; };
		B100000006 /* ChatMessage.swift */ = {isa = PBXFileReference; lastKnownFileType = sourcecode.swift; path = ChatMessage.swift; sourceTree = "<group>"; };
		B100000007 /* AgentManager.swift */ = {isa = PBXFileReference; lastKnownFileType = sourcecode.swift; path = AgentManager.swift; sourceTree = "<group>"; };
		B100000008 /* SettingsStore.swift */ = {isa = PBXFileReference; lastKnownFileType = sourcecode.swift; path = SettingsStore.swift; sourceTree = "<group>"; };
		B100000009 /* ZeroClawBridge.swift */ = {isa = PBXFileReference; lastKnownFileType = sourcecode.swift; path = ZeroClawBridge.swift; sourceTree = "<group>"; };
		B10000000A /* Assets.xcassets */ = {isa = PBXFileReference; lastKnownFileType = folder.assetcatalog; path = Assets.xcassets; sourceTree = "<group>"; };
		B10000000B /* Info.plist */ = {isa = PBXFileReference; lastKnownFileType = text.plist.xml; path = Info.plist; sourceTree = "<group>"; };
		B10000000C /* MoA-Bridging-Header.h */ = {isa = PBXFileReference; lastKnownFileType = sourcecode.c.h; path = "MoA-Bridging-Header.h"; sourceTree = "<group>"; };
		B10000000D /* MoA.app */ = {isa = PBXFileReference; explicitFileType = wrapper.application; includeInIndex = 0; path = MoA.app; sourceTree = BUILT_PRODUCTS_DIR; };
/* End PBXFileReference section */

/* Begin PBXFrameworksBuildPhase section */
		F100000001 /* Frameworks */ = {
			isa = PBXFrameworksBuildPhase;
			buildActionMask = 2147483647;
			files = (
			);
			runOnlyForDeploymentPostprocessing = 0;
		};
/* End PBXFrameworksBuildPhase section */

/* Begin PBXGroup section */
		G100000001 = {
			isa = PBXGroup;
			children = (
				G100000002 /* MoA */,
				G100000006 /* Products */,
			);
			sourceTree = "<group>";
		};
		G100000002 /* MoA */ = {
			isa = PBXGroup;
			children = (
				B100000001 /* MoAApp.swift */,
				B10000000B /* Info.plist */,
				B10000000C /* MoA-Bridging-Header.h */,
				B10000000A /* Assets.xcassets */,
				G100000003 /* Views */,
				G100000004 /* Models */,
				G100000005 /* Services */,
			);
			path = MoA;
			sourceTree = "<group>";
		};
		G100000003 /* Views */ = {
			isa = PBXGroup;
			children = (
				B100000002 /* ContentView.swift */,
				B100000003 /* ChatView.swift */,
				B100000004 /* SettingsView.swift */,
				B100000005 /* SetupWizardView.swift */,
			);
			path = Views;
			sourceTree = "<group>";
		};
		G100000004 /* Models */ = {
			isa = PBXGroup;
			children = (
				B100000006 /* ChatMessage.swift */,
			);
			path = Models;
			sourceTree = "<group>";
		};
		G100000005 /* Services */ = {
			isa = PBXGroup;
			children = (
				B100000007 /* AgentManager.swift */,
				B100000008 /* SettingsStore.swift */,
				B100000009 /* ZeroClawBridge.swift */,
			);
			path = Services;
			sourceTree = "<group>";
		};
		G100000006 /* Products */ = {
			isa = PBXGroup;
			children = (
				B10000000D /* MoA.app */,
			);
			name = Products;
			sourceTree = "<group>";
		};
/* End PBXGroup section */

/* Begin PBXNativeTarget section */
		T100000001 /* MoA */ = {
			isa = PBXNativeTarget;
			buildConfigurationList = C100000003 /* Build configuration list for PBXNativeTarget "MoA" */;
			buildPhases = (
				S100000001 /* Sources */,
				F100000001 /* Frameworks */,
				R100000001 /* Resources */,
			);
			buildRules = (
			);
			dependencies = (
			);
			name = MoA;
			productName = MoA;
			productReference = B10000000D /* MoA.app */;
			productType = "com.apple.product-type.application";
		};
/* End PBXNativeTarget section */

/* Begin PBXProject section */
		P100000001 /* Project object */ = {
			isa = PBXProject;
			attributes = {
				BuildIndependentTargetsInParallel = 1;
				LastSwiftUpdateCheck = 1540;
				LastUpgradeCheck = 1540;
				TargetAttributes = {
					T100000001 = {
						CreatedOnToolsVersion = 15.4;
					};
				};
			};
			buildConfigurationList = C100000001 /* Build configuration list for PBXProject "MoA" */;
			compatibilityVersion = "Xcode 14.0";
			developmentRegion = en;
			hasScannedForEncodings = 0;
			knownRegions = (
				en,
				ko,
				Base,
			);
			mainGroup = G100000001;
			productRefGroup = G100000006 /* Products */;
			projectDirPath = "";
			projectRoot = "";
			targets = (
				T100000001 /* MoA */,
			);
		};
/* End PBXProject section */

/* Begin PBXResourcesBuildPhase section */
		R100000001 /* Resources */ = {
			isa = PBXResourcesBuildPhase;
			buildActionMask = 2147483647;
			files = (
				A10000000A /* Assets.xcassets in Resources */,
			);
			runOnlyForDeploymentPostprocessing = 0;
		};
/* End PBXResourcesBuildPhase section */

/* Begin PBXSourcesBuildPhase section */
		S100000001 /* Sources */ = {
			isa = PBXSourcesBuildPhase;
			buildActionMask = 2147483647;
			files = (
				A100000001 /* MoAApp.swift in Sources */,
				A100000002 /* ContentView.swift in Sources */,
				A100000003 /* ChatView.swift in Sources */,
				A100000004 /* SettingsView.swift in Sources */,
				A100000005 /* SetupWizardView.swift in Sources */,
				A100000006 /* ChatMessage.swift in Sources */,
				A100000007 /* AgentManager.swift in Sources */,
				A100000008 /* SettingsStore.swift in Sources */,
				A100000009 /* ZeroClawBridge.swift in Sources */,
			);
			runOnlyForDeploymentPostprocessing = 0;
		};
/* End PBXSourcesBuildPhase section */

/* Begin XCBuildConfiguration section */
		D100000001 /* Debug */ = {
			isa = XCBuildConfiguration;
			buildSettings = {
				ALWAYS_SEARCH_USER_PATHS = NO;
				ASSETCATALOG_COMPILER_GENERATE_SWIFT_ASSET_SYMBOL_EXTENSIONS = YES;
				CLANG_ANALYZER_NONNULL = YES;
				CLANG_CXX_LANGUAGE_STANDARD = "gnu++20";
				CLANG_ENABLE_MODULES = YES;
				CLANG_ENABLE_OBJC_ARC = YES;
				COPY_PHASE_STRIP = NO;
				DEBUG_INFORMATION_FORMAT = dwarf;
				ENABLE_STRICT_OBJC_MSGSEND = YES;
				ENABLE_TESTABILITY = YES;
				GCC_DYNAMIC_NO_PIC = NO;
				GCC_OPTIMIZATION_LEVEL = 0;
				GCC_PREPROCESSOR_DEFINITIONS = (
					"DEBUG=1",
					"$(inherited)",
				);
				GCC_WARN_ABOUT_RETURN_TYPE = YES_ERROR;
				GCC_WARN_UNINITIALIZED_AUTOS = YES_AGGRESSIVE;
				IPHONEOS_DEPLOYMENT_TARGET = 16.0;
				MTL_ENABLE_DEBUG_INFO = INCLUDE_SOURCE;
				ONLY_ACTIVE_ARCH = YES;
				SDKROOT = iphoneos;
				SWIFT_ACTIVE_COMPILATION_CONDITIONS = "$(inherited) DEBUG";
				SWIFT_OPTIMIZATION_LEVEL = "-Onone";
			};
			name = Debug;
		};
		D100000002 /* Release */ = {
			isa = XCBuildConfiguration;
			buildSettings = {
				ALWAYS_SEARCH_USER_PATHS = NO;
				ASSETCATALOG_COMPILER_GENERATE_SWIFT_ASSET_SYMBOL_EXTENSIONS = YES;
				CLANG_ANALYZER_NONNULL = YES;
				CLANG_CXX_LANGUAGE_STANDARD = "gnu++20";
				CLANG_ENABLE_MODULES = YES;
				CLANG_ENABLE_OBJC_ARC = YES;
				COPY_PHASE_STRIP = NO;
				DEBUG_INFORMATION_FORMAT = "dwarf-with-dsym";
				ENABLE_NS_ASSERTIONS = NO;
				ENABLE_STRICT_OBJC_MSGSEND = YES;
				GCC_WARN_ABOUT_RETURN_TYPE = YES_ERROR;
				GCC_WARN_UNINITIALIZED_AUTOS = YES_AGGRESSIVE;
				IPHONEOS_DEPLOYMENT_TARGET = 16.0;
				SDKROOT = iphoneos;
				SWIFT_COMPILATION_MODE = wholemodule;
				VALIDATE_PRODUCT = YES;
			};
			name = Release;
		};
		D100000003 /* Debug */ = {
			isa = XCBuildConfiguration;
			buildSettings = {
				ASSETCATALOG_COMPILER_APPICON_NAME = AppIcon;
				CODE_SIGN_STYLE = Automatic;
				CURRENT_PROJECT_VERSION = 1;
				GENERATE_INFOPLIST_FILE = NO;
				INFOPLIST_FILE = MoA/Info.plist;
				INFOPLIST_KEY_CFBundleDisplayName = MoA;
				INFOPLIST_KEY_UIApplicationSceneManifest_Generation = YES;
				INFOPLIST_KEY_UIApplicationSupportsIndirectInputEvents = YES;
				INFOPLIST_KEY_UILaunchScreen_Generation = YES;
				INFOPLIST_KEY_UISupportedInterfaceOrientations_iPad = "UIInterfaceOrientationPortrait UIInterfaceOrientationPortraitUpsideDown UIInterfaceOrientationLandscapeLeft UIInterfaceOrientationLandscapeRight";
				INFOPLIST_KEY_UISupportedInterfaceOrientations_iPhone = "UIInterfaceOrientationPortrait UIInterfaceOrientationLandscapeLeft UIInterfaceOrientationLandscapeRight";
				LD_RUNPATH_SEARCH_PATHS = (
					"$(inherited)",
					"@executable_path/Frameworks",
				);
				LIBRARY_SEARCH_PATHS = "$(PROJECT_DIR)/../ios-bridge/target/aarch64-apple-ios/release";
				MARKETING_VERSION = 0.1.0;
				OTHER_LDFLAGS = "-lzeroclaw_ios";
				PRODUCT_BUNDLE_IDENTIFIER = ai.zeroclaw.moa;
				PRODUCT_NAME = "$(TARGET_NAME)";
				SUPPORTED_PLATFORMS = "iphoneos iphonesimulator";
				SUPPORTS_MACCATALYST = NO;
				SWIFT_EMIT_LOC_STRINGS = YES;
				SWIFT_OBJC_BRIDGING_HEADER = "MoA/MoA-Bridging-Header.h";
				SWIFT_VERSION = 5.0;
				TARGETED_DEVICE_FAMILY = "1,2";
			};
			name = Debug;
		};
		D100000004 /* Release */ = {
			isa = XCBuildConfiguration;
			buildSettings = {
				ASSETCATALOG_COMPILER_APPICON_NAME = AppIcon;
				CODE_SIGN_STYLE = Automatic;
				CURRENT_PROJECT_VERSION = 1;
				GENERATE_INFOPLIST_FILE = NO;
				INFOPLIST_FILE = MoA/Info.plist;
				INFOPLIST_KEY_CFBundleDisplayName = MoA;
				INFOPLIST_KEY_UIApplicationSceneManifest_Generation = YES;
				INFOPLIST_KEY_UIApplicationSupportsIndirectInputEvents = YES;
				INFOPLIST_KEY_UILaunchScreen_Generation = YES;
				INFOPLIST_KEY_UISupportedInterfaceOrientations_iPad = "UIInterfaceOrientationPortrait UIInterfaceOrientationPortraitUpsideDown UIInterfaceOrientationLandscapeLeft UIInterfaceOrientationLandscapeRight";
				INFOPLIST_KEY_UISupportedInterfaceOrientations_iPhone = "UIInterfaceOrientationPortrait UIInterfaceOrientationLandscapeLeft UIInterfaceOrientationLandscapeRight";
				LD_RUNPATH_SEARCH_PATHS = (
					"$(inherited)",
					"@executable_path/Frameworks",
				);
				LIBRARY_SEARCH_PATHS = "$(PROJECT_DIR)/../ios-bridge/target/aarch64-apple-ios/release";
				MARKETING_VERSION = 0.1.0;
				OTHER_LDFLAGS = "-lzeroclaw_ios";
				PRODUCT_BUNDLE_IDENTIFIER = ai.zeroclaw.moa;
				PRODUCT_NAME = "$(TARGET_NAME)";
				SUPPORTED_PLATFORMS = "iphoneos iphonesimulator";
				SUPPORTS_MACCATALYST = NO;
				SWIFT_EMIT_LOC_STRINGS = YES;
				SWIFT_OBJC_BRIDGING_HEADER = "MoA/MoA-Bridging-Header.h";
				SWIFT_VERSION = 5.0;
				TARGETED_DEVICE_FAMILY = "1,2";
			};
			name = Release;
		};
/* End XCBuildConfiguration section */

/* Begin XCConfigurationList section */
		C100000001 /* Build configuration list for PBXProject "MoA" */ = {
			isa = XCConfigurationList;
			buildConfigurations = (
				D100000001 /* Debug */,
				D100000002 /* Release */,
			);
			defaultConfigurationIsVisible = 0;
			defaultConfigurationName = Release;
		};
		C100000003 /* Build configuration list for PBXNativeTarget "MoA" */ = {
			isa = XCConfigurationList;
			buildConfigurations = (
				D100000003 /* Debug */,
				D100000004 /* Release */,
			);
			defaultConfigurationIsVisible = 0;
			defaultConfigurationName = Release;
		};
/* End XCConfigurationList section */

	};
	rootObject = P100000001 /* Project object */;
}
